
Microsoft Visual Studio Solution File, Format Version 12.00
# Visual Studio Version 16
VisualStudioVersion = 16.0.29215.179
MinimumVisualStudioVersion = 10.0.40219.1
Project("{FAE04EC0-301F-11D3-BF4B-00C04F79EFBC}") = "MIS4200Team2", "MIS4200Team2.csproj", "{75AFD515-B8DC-4616-BC8E-0278C7B983AD}"
EndProject
Global
	GlobalSection(SolutionConfigurationPlatforms) = preSolution
		Debug|Any CPU = Debug|Any CPU
		Release|Any CPU = Release|Any CPU
	EndGlobalSection
	GlobalSection(ProjectConfigurationPlatforms) = postSolution
		{75AFD515-B8DC-4616-BC8E-0278C7B983AD}.Debug|Any CPU.ActiveCfg = Debug|Any CPU
		{75AFD515-B8DC-4616-BC8E-0278C7B983AD}.Debug|Any CPU.Build.0 = Debug|Any CPU
		{75AFD515-B8DC-4616-BC8E-0278C7B983AD}.Release|Any CPU.ActiveCfg = Release|Any CPU
		{75AFD515-B8DC-4616-BC8E-0278C7B983AD}.Release|Any CPU.Build.0 = Release|Any CPU
	EndGlobalSection
	GlobalSection(SolutionProperties) = preSolution
		HideSolutionNode = FALSE
	EndGlobalSection
	GlobalSection(ExtensibilityGlobals) = postSolution
		SolutionGuid = {5AAD4821-B54F-453A-821B-F65093297A8C}
	EndGlobalSection
EndGlobal
